
Microsoft Visual Studio Solution File, Format Version 12.00
# Visual Studio Version 17
VisualStudioVersion = 17.2.32616.157
MinimumVisualStudioVersion = 10.0.40219.1
Project("{FAE04EC0-301F-11D3-BF4B-00C04F79EFBC}") = "PedaleaShop.WebApi.Application", "PedaleaShop.WebApi\PedaleaShop.WebApi.Application.csproj", "{CD4B2B22-1B5E-40DF-A215-660441F3FFC7}"
	ProjectSection(ProjectDependencies) = postProject
		{3994B343-78CA-4DB0-868E-8C2CAB1F00C4} = {3994B343-78CA-4DB0-868E-8C2CAB1F00C4}
		{BB1720E0-D3A0-4EE7-9E7C-CFA5CE3D5EEE} = {BB1720E0-D3A0-4EE7-9E7C-CFA5CE3D5EEE}
	EndProjectSection
EndProject
Project("{2150E333-8FDC-42A3-9474-1A3956D46DE8}") = "Application", "Application", "{46FE59EA-765C-4348-9062-DF30D0ED5E5B}"
EndProject
Project("{2150E333-8FDC-42A3-9474-1A3956D46DE8}") = "Infrastucture", "Infrastucture", "{BF5D16BB-7D78-44CB-A13F-A92E04C9BE3F}"
EndProject
Project("{2150E333-8FDC-42A3-9474-1A3956D46DE8}") = "Domain", "Domain", "{4DF8B45C-C973-4861-9408-E0A214A47A7B}"
EndProject
Project("{FAE04EC0-301F-11D3-BF4B-00C04F79EFBC}") = "PedaleaShop.WebApi.Infrastructure", "PedaleaShop.WebApi.Infrastructure\PedaleaShop.WebApi.Infrastructure.csproj", "{BB1720E0-D3A0-4EE7-9E7C-CFA5CE3D5EEE}"
EndProject
Project("{FAE04EC0-301F-11D3-BF4B-00C04F79EFBC}") = "PedaleaShop.WebApi.Domain", "PedaleaShop.WebApi.Domain\PedaleaShop.WebApi.Domain.csproj", "{3994B343-78CA-4DB0-868E-8C2CAB1F00C4}"
EndProject
Global
	GlobalSection(SolutionConfigurationPlatforms) = preSolution
		Debug|Any CPU = Debug|Any CPU
		Release|Any CPU = Release|Any CPU
	EndGlobalSection
	GlobalSection(ProjectConfigurationPlatforms) = postSolution
		{CD4B2B22-1B5E-40DF-A215-660441F3FFC7}.Debug|Any CPU.ActiveCfg = Debug|Any CPU
		{CD4B2B22-1B5E-40DF-A215-660441F3FFC7}.Debug|Any CPU.Build.0 = Debug|Any CPU
		{CD4B2B22-1B5E-40DF-A215-660441F3FFC7}.Release|Any CPU.ActiveCfg = Release|Any CPU
		{CD4B2B22-1B5E-40DF-A215-660441F3FFC7}.Release|Any CPU.Build.0 = Release|Any CPU
		{BB1720E0-D3A0-4EE7-9E7C-CFA5CE3D5EEE}.Debug|Any CPU.ActiveCfg = Debug|Any CPU
		{BB1720E0-D3A0-4EE7-9E7C-CFA5CE3D5EEE}.Debug|Any CPU.Build.0 = Debug|Any CPU
		{BB1720E0-D3A0-4EE7-9E7C-CFA5CE3D5EEE}.Release|Any CPU.ActiveCfg = Release|Any CPU
		{BB1720E0-D3A0-4EE7-9E7C-CFA5CE3D5EEE}.Release|Any CPU.Build.0 = Release|Any CPU
		{3994B343-78CA-4DB0-868E-8C2CAB1F00C4}.Debug|Any CPU.ActiveCfg = Debug|Any CPU
		{3994B343-78CA-4DB0-868E-8C2CAB1F00C4}.Debug|Any CPU.Build.0 = Debug|Any CPU
		{3994B343-78CA-4DB0-868E-8C2CAB1F00C4}.Release|Any CPU.ActiveCfg = Release|Any CPU
		{3994B343-78CA-4DB0-868E-8C2CAB1F00C4}.Release|Any CPU.Build.0 = Release|Any CPU
	EndGlobalSection
	GlobalSection(SolutionProperties) = preSolution
		HideSolutionNode = FALSE
	EndGlobalSection
	GlobalSection(NestedProjects) = preSolution
		{CD4B2B22-1B5E-40DF-A215-660441F3FFC7} = {46FE59EA-765C-4348-9062-DF30D0ED5E5B}
		{BB1720E0-D3A0-4EE7-9E7C-CFA5CE3D5EEE} = {BF5D16BB-7D78-44CB-A13F-A92E04C9BE3F}
		{3994B343-78CA-4DB0-868E-8C2CAB1F00C4} = {4DF8B45C-C973-4861-9408-E0A214A47A7B}
	EndGlobalSection
	GlobalSection(ExtensibilityGlobals) = postSolution
		SolutionGuid = {78ADD33D-56A3-43BC-80CE-25FF830464DF}
	EndGlobalSection
EndGlobal
